
Microsoft Visual Studio Solution File, Format Version 12.00
# Visual Studio Version 16
VisualStudioVersion = 16.0.30717.126
MinimumVisualStudioVersion = 10.0.40219.1
Project("{FAE04EC0-301F-11D3-BF4B-00C04F79EFBC}") = "SysproWebApi", "SysproWebApi.csproj", "{D50A5924-66CA-49B7-8128-300D5E5A17CD}"
EndProject
Project("{FAE04EC0-301F-11D3-BF4B-00C04F79EFBC}") = "Syspro", "Syspro\Syspro.csproj", "{6D9EAB66-6F27-417D-BE06-DD61F12B166A}"
EndProject
Global
	GlobalSection(SolutionConfigurationPlatforms) = preSolution
		Debug|Any CPU = Debug|Any CPU
		Release|Any CPU = Release|Any CPU
	EndGlobalSection
	GlobalSection(ProjectConfigurationPlatforms) = postSolution
		{D50A5924-66CA-49B7-8128-300D5E5A17CD}.Debug|Any CPU.ActiveCfg = Debug|Any CPU
		{D50A5924-66CA-49B7-8128-300D5E5A17CD}.Debug|Any CPU.Build.0 = Debug|Any CPU
		{D50A5924-66CA-49B7-8128-300D5E5A17CD}.Release|Any CPU.ActiveCfg = Release|Any CPU
		{D50A5924-66CA-49B7-8128-300D5E5A17CD}.Release|Any CPU.Build.0 = Release|Any CPU
		{6D9EAB66-6F27-417D-BE06-DD61F12B166A}.Debug|Any CPU.ActiveCfg = Debug|Any CPU
		{6D9EAB66-6F27-417D-BE06-DD61F12B166A}.Debug|Any CPU.Build.0 = Debug|Any CPU
		{6D9EAB66-6F27-417D-BE06-DD61F12B166A}.Release|Any CPU.ActiveCfg = Release|Any CPU
		{6D9EAB66-6F27-417D-BE06-DD61F12B166A}.Release|Any CPU.Build.0 = Release|Any CPU
	EndGlobalSection
	GlobalSection(SolutionProperties) = preSolution
		HideSolutionNode = FALSE
	EndGlobalSection
	GlobalSection(ExtensibilityGlobals) = postSolution
		SolutionGuid = {E7FB61E5-00AD-46E7-82B8-6CAF688017BD}
	EndGlobalSection
EndGlobal
